{
  "name": "Weather-probabilty-app",
  "lockfileVersion": 3,
  "requires": true,
  "packages": {
    "": {
      "dependencies": {
        "leaflet.gridlayer.googlemutant": "^0.15.0"
      }
    },
    "node_modules/leaflet.gridlayer.googlemutant": {
      "version": "0.15.0",
      "resolved": "https://registry.npmjs.org/leaflet.gridlayer.googlemutant/-/leaflet.gridlayer.googlemutant-0.15.0.tgz",
      "integrity": "sha512-kA5jCOBhCPigyue6YpZMhXMVYA1hM2pDIaJ6u0wSSiSZ2TQ4kZfKuhwkIexcadJfs0BP4FyhZIDZC7hmTlvjOA==",
      "license": "Beerware"
    }
  }
}
